
Microsoft Visual Studio Solution File, Format Version 12.00
# Visual Studio Version 17
VisualStudioVersion = 17.8.34511.84
MinimumVisualStudioVersion = 10.0.40219.1
Project("{FAE04EC0-301F-11D3-BF4B-00C04F79EFBC}") = "DemoMinimalAPI", "DemoMinimalAPI.csproj", "{75DD67F7-A213-4AF2-9996-D0CA5346CFD3}"
EndProject
Global
	GlobalSection(SolutionConfigurationPlatforms) = preSolution
		Debug|Any CPU = Debug|Any CPU
		Release|Any CPU = Release|Any CPU
	EndGlobalSection
	GlobalSection(ProjectConfigurationPlatforms) = postSolution
		{75DD67F7-A213-4AF2-9996-D0CA5346CFD3}.Debug|Any CPU.ActiveCfg = Debug|Any CPU
		{75DD67F7-A213-4AF2-9996-D0CA5346CFD3}.Debug|Any CPU.Build.0 = Debug|Any CPU
		{75DD67F7-A213-4AF2-9996-D0CA5346CFD3}.Release|Any CPU.ActiveCfg = Release|Any CPU
		{75DD67F7-A213-4AF2-9996-D0CA5346CFD3}.Release|Any CPU.Build.0 = Release|Any CPU
	EndGlobalSection
	GlobalSection(SolutionProperties) = preSolution
		HideSolutionNode = FALSE
	EndGlobalSection
	GlobalSection(ExtensibilityGlobals) = postSolution
		SolutionGuid = {D8ED0CC7-1641-4D02-A794-F754B2A28B5B}
	EndGlobalSection
EndGlobal
